
Microsoft Visual Studio Solution File, Format Version 12.00
# Visual Studio Version 16
VisualStudioVersion = 16.0.31613.86
MinimumVisualStudioVersion = 10.0.40219.1
Project("{FAE04EC0-301F-11D3-BF4B-00C04F79EFBC}") = "Sistematico", "Sistematico\Sistematico.csproj", "{E6F91EFC-4410-440E-8488-0415CE363F28}"
EndProject
Project("{FAE04EC0-301F-11D3-BF4B-00C04F79EFBC}") = "Domain", "Estudiantes\Domain.csproj", "{AA741E98-B743-44FB-B191-6962A4894B9E}"
EndProject
Global
	GlobalSection(SolutionConfigurationPlatforms) = preSolution
		Debug|Any CPU = Debug|Any CPU
		Release|Any CPU = Release|Any CPU
	EndGlobalSection
	GlobalSection(ProjectConfigurationPlatforms) = postSolution
		{E6F91EFC-4410-440E-8488-0415CE363F28}.Debug|Any CPU.ActiveCfg = Debug|Any CPU
		{E6F91EFC-4410-440E-8488-0415CE363F28}.Debug|Any CPU.Build.0 = Debug|Any CPU
		{E6F91EFC-4410-440E-8488-0415CE363F28}.Release|Any CPU.ActiveCfg = Release|Any CPU
		{E6F91EFC-4410-440E-8488-0415CE363F28}.Release|Any CPU.Build.0 = Release|Any CPU
		{AA741E98-B743-44FB-B191-6962A4894B9E}.Debug|Any CPU.ActiveCfg = Debug|Any CPU
		{AA741E98-B743-44FB-B191-6962A4894B9E}.Debug|Any CPU.Build.0 = Debug|Any CPU
		{AA741E98-B743-44FB-B191-6962A4894B9E}.Release|Any CPU.ActiveCfg = Release|Any CPU
		{AA741E98-B743-44FB-B191-6962A4894B9E}.Release|Any CPU.Build.0 = Release|Any CPU
	EndGlobalSection
	GlobalSection(SolutionProperties) = preSolution
		HideSolutionNode = FALSE
	EndGlobalSection
	GlobalSection(ExtensibilityGlobals) = postSolution
		SolutionGuid = {F1CC8A8D-4AB3-4069-9F8F-020821E57B5E}
	EndGlobalSection
EndGlobal
